<?xml version="1.0" encoding="UTF-8" standalone="yes" ?>
<CodeBlocks_project_file>
	<FileVersion major="1" minor="6" />
	<Project>
		<Option title="proyecto-gimnasio" />
		<Option pch_mode="2" />
		<Option compiler="gcc" />
		<Build>
			<Target title="Debug">
				<Option output="bin/Debug/proyecto-gimnasio" prefix_auto="1" extension_auto="1" />
				<Option object_output="obj/Debug/" />
				<Option type="1" />
				<Option compiler="gcc" />
				<Compiler>
					<Add option="-g" />
				</Compiler>
			</Target>
			<Target title="Release">
				<Option output="bin/Release/proyecto-gimnasio" prefix_auto="1" extension_auto="1" />
				<Option object_output="obj/Release/" />
				<Option type="1" />
				<Option compiler="gcc" />
				<Compiler>
					<Add option="-O2" />
				</Compiler>
				<Linker>
					<Add option="-s" />
				</Linker>
			</Target>
		</Build>
		<Compiler>
			<Add option="-Wall" />
		</Compiler>
		<Unit filename="const.h" />
		<Unit filename="controlAdmin.c">
			<Option compilerVar="CC" />
		</Unit>
		<Unit filename="controlAdmin.h" />
		<Unit filename="controlCliente.c">
			<Option compilerVar="CC" />
		</Unit>
		<Unit filename="controlCliente.h" />
		<Unit filename="controlEmpleado.c">
			<Option compilerVar="CC" />
		</Unit>
		<Unit filename="controlEmpleado.h" />
		<Unit filename="ducktime.c">
			<Option compilerVar="CC" />
		</Unit>
		<Unit filename="ducktime.h" />
		<Unit filename="listasTDA.c">
			<Option compilerVar="CC" />
		</Unit>
		<Unit filename="listasTDA.h" />
		<Unit filename="main.c">
			<Option compilerVar="CC" />
		</Unit>
		<Unit filename="manejoDeClientes.c">
			<Option compilerVar="CC" />
		</Unit>
		<Unit filename="manejoDeClientes.h" />
		<Unit filename="manejoDePagos.c">
			<Option compilerVar="CC" />
		</Unit>
		<Unit filename="manejoDePagos.h" />
		<Unit filename="manejoEmpleado.c">
			<Option compilerVar="CC" />
		</Unit>
		<Unit filename="manejoEmpleado.h" />
		<Unit filename="tipoUsuario.c">
			<Option compilerVar="CC" />
		</Unit>
		<Unit filename="tipoUsuario.h" />
		<Extensions>
			<lib_finder disable_auto="1" />
		</Extensions>
	</Project>
</CodeBlocks_project_file>
